
Microsoft Visual Studio Solution File, Format Version 12.00
# Visual Studio Version 17
VisualStudioVersion = 17.6.33829.357
MinimumVisualStudioVersion = 10.0.40219.1
Project("{FAE04EC0-301F-11D3-BF4B-00C04F79EFBC}") = "testeur3", "testeur3.csproj", "{46A8F761-14F6-452F-9FB7-392E9CE992BB}"
EndProject
Global
	GlobalSection(SolutionConfigurationPlatforms) = preSolution
		Debug|Any CPU = Debug|Any CPU
		Release|Any CPU = Release|Any CPU
	EndGlobalSection
	GlobalSection(ProjectConfigurationPlatforms) = postSolution
		{46A8F761-14F6-452F-9FB7-392E9CE992BB}.Debug|Any CPU.ActiveCfg = Debug|Any CPU
		{46A8F761-14F6-452F-9FB7-392E9CE992BB}.Debug|Any CPU.Build.0 = Debug|Any CPU
		{46A8F761-14F6-452F-9FB7-392E9CE992BB}.Release|Any CPU.ActiveCfg = Release|Any CPU
		{46A8F761-14F6-452F-9FB7-392E9CE992BB}.Release|Any CPU.Build.0 = Release|Any CPU
	EndGlobalSection
	GlobalSection(SolutionProperties) = preSolution
		HideSolutionNode = FALSE
	EndGlobalSection
	GlobalSection(ExtensibilityGlobals) = postSolution
		SolutionGuid = {DFDEDC94-41AE-40D8-8287-638239B3020F}
	EndGlobalSection
EndGlobal
